
Microsoft Visual Studio Solution File, Format Version 12.00
# Visual Studio 15
VisualStudioVersion = 15.0.26430.13
MinimumVisualStudioVersion = 10.0.40219.1
Project("{FAE04EC0-301F-11D3-BF4B-00C04F79EFBC}") = "GPSHikingMate10", "GPSHikingMate10\GPSHikingMate10.csproj", "{C1FC8E3C-7EDC-4CC0-B68E-8C9E1B4F4001}"
	ProjectSection(ProjectDependencies) = postProject
		{06425613-E56B-4C98-A8D2-58900E36E417} = {06425613-E56B-4C98-A8D2-58900E36E417}
		{116CB644-BDCA-462F-81A2-8AAEB46EDE92} = {116CB644-BDCA-462F-81A2-8AAEB46EDE92}
		{A23CD15A-9D3A-4FF6-95BD-EB0A2DDFC68E} = {A23CD15A-9D3A-4FF6-95BD-EB0A2DDFC68E}
		{FCCFA2FC-F84A-47EA-B42A-8D90D5545551} = {FCCFA2FC-F84A-47EA-B42A-8D90D5545551}
	EndProjectSection
EndProject
Project("{FAE04EC0-301F-11D3-BF4B-00C04F79EFBC}") = "DataModel", "DataModel\DataModel.csproj", "{116CB644-BDCA-462F-81A2-8AAEB46EDE92}"
	ProjectSection(ProjectDependencies) = postProject
		{06425613-E56B-4C98-A8D2-58900E36E417} = {06425613-E56B-4C98-A8D2-58900E36E417}
	EndProjectSection
EndProject
Project("{FAE04EC0-301F-11D3-BF4B-00C04F79EFBC}") = "GPSHikingMate10BackgroundTasks", "BackgroundTask\GPSHikingMate10BackgroundTasks.csproj", "{FCCFA2FC-F84A-47EA-B42A-8D90D5545551}"
	ProjectSection(ProjectDependencies) = postProject
		{06425613-E56B-4C98-A8D2-58900E36E417} = {06425613-E56B-4C98-A8D2-58900E36E417}
		{A23CD15A-9D3A-4FF6-95BD-EB0A2DDFC68E} = {A23CD15A-9D3A-4FF6-95BD-EB0A2DDFC68E}
	EndProjectSection
EndProject
Project("{FAE04EC0-301F-11D3-BF4B-00C04F79EFBC}") = "GPSInteractor", "GPSInteractor\GPSInteractor.csproj", "{A23CD15A-9D3A-4FF6-95BD-EB0A2DDFC68E}"
	ProjectSection(ProjectDependencies) = postProject
		{06425613-E56B-4C98-A8D2-58900E36E417} = {06425613-E56B-4C98-A8D2-58900E36E417}
	EndProjectSection
EndProject
Project("{FAE04EC0-301F-11D3-BF4B-00C04F79EFBC}") = "Utilz", "..\Utilz\Utilz\Utilz.csproj", "{06425613-E56B-4C98-A8D2-58900E36E417}"
EndProject
Project("{FAE04EC0-301F-11D3-BF4B-00C04F79EFBC}") = "UnitTestProject3", "UnitTestProject3\UnitTestProject3.csproj", "{485A96F0-CEFF-4164-8D62-35A04043BAF5}"
EndProject
Global
	GlobalSection(SolutionConfigurationPlatforms) = preSolution
		Debug|Any CPU = Debug|Any CPU
		Debug|ARM = Debug|ARM
		Debug|x64 = Debug|x64
		Debug|x86 = Debug|x86
		DebugNoStore|Any CPU = DebugNoStore|Any CPU
		DebugNoStore|ARM = DebugNoStore|ARM
		DebugNoStore|x64 = DebugNoStore|x64
		DebugNoStore|x86 = DebugNoStore|x86
		Release|Any CPU = Release|Any CPU
		Release|ARM = Release|ARM
		Release|x64 = Release|x64
		Release|x86 = Release|x86
		ReleaseNoStore|Any CPU = ReleaseNoStore|Any CPU
		ReleaseNoStore|ARM = ReleaseNoStore|ARM
		ReleaseNoStore|x64 = ReleaseNoStore|x64
		ReleaseNoStore|x86 = ReleaseNoStore|x86
	EndGlobalSection
	GlobalSection(ProjectConfigurationPlatforms) = postSolution
		{C1FC8E3C-7EDC-4CC0-B68E-8C9E1B4F4001}.Debug|Any CPU.ActiveCfg = Debug|x86
		{C1FC8E3C-7EDC-4CC0-B68E-8C9E1B4F4001}.Debug|ARM.ActiveCfg = Debug|ARM
		{C1FC8E3C-7EDC-4CC0-B68E-8C9E1B4F4001}.Debug|ARM.Build.0 = Debug|ARM
		{C1FC8E3C-7EDC-4CC0-B68E-8C9E1B4F4001}.Debug|ARM.Deploy.0 = Debug|ARM
		{C1FC8E3C-7EDC-4CC0-B68E-8C9E1B4F4001}.Debug|x64.ActiveCfg = Debug|x64
		{C1FC8E3C-7EDC-4CC0-B68E-8C9E1B4F4001}.Debug|x64.Build.0 = Debug|x64
		{C1FC8E3C-7EDC-4CC0-B68E-8C9E1B4F4001}.Debug|x64.Deploy.0 = Debug|x64
		{C1FC8E3C-7EDC-4CC0-B68E-8C9E1B4F4001}.Debug|x86.ActiveCfg = Debug|x86
		{C1FC8E3C-7EDC-4CC0-B68E-8C9E1B4F4001}.Debug|x86.Build.0 = Debug|x86
		{C1FC8E3C-7EDC-4CC0-B68E-8C9E1B4F4001}.Debug|x86.Deploy.0 = Debug|x86
		{C1FC8E3C-7EDC-4CC0-B68E-8C9E1B4F4001}.DebugNoStore|Any CPU.ActiveCfg = DebugNoStore|x86
		{C1FC8E3C-7EDC-4CC0-B68E-8C9E1B4F4001}.DebugNoStore|ARM.ActiveCfg = DebugNoStore|ARM
		{C1FC8E3C-7EDC-4CC0-B68E-8C9E1B4F4001}.DebugNoStore|ARM.Build.0 = DebugNoStore|ARM
		{C1FC8E3C-7EDC-4CC0-B68E-8C9E1B4F4001}.DebugNoStore|ARM.Deploy.0 = DebugNoStore|ARM
		{C1FC8E3C-7EDC-4CC0-B68E-8C9E1B4F4001}.DebugNoStore|x64.ActiveCfg = DebugNoStore|x64
		{C1FC8E3C-7EDC-4CC0-B68E-8C9E1B4F4001}.DebugNoStore|x64.Build.0 = DebugNoStore|x64
		{C1FC8E3C-7EDC-4CC0-B68E-8C9E1B4F4001}.DebugNoStore|x64.Deploy.0 = DebugNoStore|x64
		{C1FC8E3C-7EDC-4CC0-B68E-8C9E1B4F4001}.DebugNoStore|x86.ActiveCfg = DebugNoStore|x86
		{C1FC8E3C-7EDC-4CC0-B68E-8C9E1B4F4001}.DebugNoStore|x86.Build.0 = DebugNoStore|x86
		{C1FC8E3C-7EDC-4CC0-B68E-8C9E1B4F4001}.DebugNoStore|x86.Deploy.0 = DebugNoStore|x86
		{C1FC8E3C-7EDC-4CC0-B68E-8C9E1B4F4001}.Release|Any CPU.ActiveCfg = Release|x86
		{C1FC8E3C-7EDC-4CC0-B68E-8C9E1B4F4001}.Release|ARM.ActiveCfg = Release|ARM
		{C1FC8E3C-7EDC-4CC0-B68E-8C9E1B4F4001}.Release|ARM.Build.0 = Release|ARM
		{C1FC8E3C-7EDC-4CC0-B68E-8C9E1B4F4001}.Release|ARM.Deploy.0 = Release|ARM
		{C1FC8E3C-7EDC-4CC0-B68E-8C9E1B4F4001}.Release|x64.ActiveCfg = Release|x64
		{C1FC8E3C-7EDC-4CC0-B68E-8C9E1B4F4001}.Release|x64.Build.0 = Release|x64
		{C1FC8E3C-7EDC-4CC0-B68E-8C9E1B4F4001}.Release|x64.Deploy.0 = Release|x64
		{C1FC8E3C-7EDC-4CC0-B68E-8C9E1B4F4001}.Release|x86.ActiveCfg = Release|x86
		{C1FC8E3C-7EDC-4CC0-B68E-8C9E1B4F4001}.Release|x86.Build.0 = Release|x86
		{C1FC8E3C-7EDC-4CC0-B68E-8C9E1B4F4001}.Release|x86.Deploy.0 = Release|x86
		{C1FC8E3C-7EDC-4CC0-B68E-8C9E1B4F4001}.ReleaseNoStore|Any CPU.ActiveCfg = ReleaseNoStore|x86
		{C1FC8E3C-7EDC-4CC0-B68E-8C9E1B4F4001}.ReleaseNoStore|ARM.ActiveCfg = ReleaseNoStore|ARM
		{C1FC8E3C-7EDC-4CC0-B68E-8C9E1B4F4001}.ReleaseNoStore|ARM.Build.0 = ReleaseNoStore|ARM
		{C1FC8E3C-7EDC-4CC0-B68E-8C9E1B4F4001}.ReleaseNoStore|ARM.Deploy.0 = ReleaseNoStore|ARM
		{C1FC8E3C-7EDC-4CC0-B68E-8C9E1B4F4001}.ReleaseNoStore|x64.ActiveCfg = ReleaseNoStore|x64
		{C1FC8E3C-7EDC-4CC0-B68E-8C9E1B4F4001}.ReleaseNoStore|x64.Build.0 = ReleaseNoStore|x64
		{C1FC8E3C-7EDC-4CC0-B68E-8C9E1B4F4001}.ReleaseNoStore|x64.Deploy.0 = ReleaseNoStore|x64
		{C1FC8E3C-7EDC-4CC0-B68E-8C9E1B4F4001}.ReleaseNoStore|x86.ActiveCfg = ReleaseNoStore|x86
		{C1FC8E3C-7EDC-4CC0-B68E-8C9E1B4F4001}.ReleaseNoStore|x86.Build.0 = ReleaseNoStore|x86
		{C1FC8E3C-7EDC-4CC0-B68E-8C9E1B4F4001}.ReleaseNoStore|x86.Deploy.0 = ReleaseNoStore|x86
		{116CB644-BDCA-462F-81A2-8AAEB46EDE92}.Debug|Any CPU.ActiveCfg = Debug|Any CPU
		{116CB644-BDCA-462F-81A2-8AAEB46EDE92}.Debug|Any CPU.Build.0 = Debug|Any CPU
		{116CB644-BDCA-462F-81A2-8AAEB46EDE92}.Debug|ARM.ActiveCfg = Debug|ARM
		{116CB644-BDCA-462F-81A2-8AAEB46EDE92}.Debug|ARM.Build.0 = Debug|ARM
		{116CB644-BDCA-462F-81A2-8AAEB46EDE92}.Debug|x64.ActiveCfg = Debug|x64
		{116CB644-BDCA-462F-81A2-8AAEB46EDE92}.Debug|x64.Build.0 = Debug|x64
		{116CB644-BDCA-462F-81A2-8AAEB46EDE92}.Debug|x86.ActiveCfg = Debug|x86
		{116CB644-BDCA-462F-81A2-8AAEB46EDE92}.Debug|x86.Build.0 = Debug|x86
		{116CB644-BDCA-462F-81A2-8AAEB46EDE92}.DebugNoStore|Any CPU.ActiveCfg = DebugNoStore|Any CPU
		{116CB644-BDCA-462F-81A2-8AAEB46EDE92}.DebugNoStore|Any CPU.Build.0 = DebugNoStore|Any CPU
		{116CB644-BDCA-462F-81A2-8AAEB46EDE92}.DebugNoStore|ARM.ActiveCfg = DebugNoStore|ARM
		{116CB644-BDCA-462F-81A2-8AAEB46EDE92}.DebugNoStore|ARM.Build.0 = DebugNoStore|ARM
		{116CB644-BDCA-462F-81A2-8AAEB46EDE92}.DebugNoStore|x64.ActiveCfg = DebugNoStore|x64
		{116CB644-BDCA-462F-81A2-8AAEB46EDE92}.DebugNoStore|x64.Build.0 = DebugNoStore|x64
		{116CB644-BDCA-462F-81A2-8AAEB46EDE92}.DebugNoStore|x86.ActiveCfg = DebugNoStore|x86
		{116CB644-BDCA-462F-81A2-8AAEB46EDE92}.DebugNoStore|x86.Build.0 = DebugNoStore|x86
		{116CB644-BDCA-462F-81A2-8AAEB46EDE92}.Release|Any CPU.ActiveCfg = Release|Any CPU
		{116CB644-BDCA-462F-81A2-8AAEB46EDE92}.Release|Any CPU.Build.0 = Release|Any CPU
		{116CB644-BDCA-462F-81A2-8AAEB46EDE92}.Release|ARM.ActiveCfg = Release|ARM
		{116CB644-BDCA-462F-81A2-8AAEB46EDE92}.Release|ARM.Build.0 = Release|ARM
		{116CB644-BDCA-462F-81A2-8AAEB46EDE92}.Release|x64.ActiveCfg = Release|x64
		{116CB644-BDCA-462F-81A2-8AAEB46EDE92}.Release|x64.Build.0 = Release|x64
		{116CB644-BDCA-462F-81A2-8AAEB46EDE92}.Release|x86.ActiveCfg = Release|x86
		{116CB644-BDCA-462F-81A2-8AAEB46EDE92}.Release|x86.Build.0 = Release|x86
		{116CB644-BDCA-462F-81A2-8AAEB46EDE92}.ReleaseNoStore|Any CPU.ActiveCfg = ReleaseNoStore|Any CPU
		{116CB644-BDCA-462F-81A2-8AAEB46EDE92}.ReleaseNoStore|Any CPU.Build.0 = ReleaseNoStore|Any CPU
		{116CB644-BDCA-462F-81A2-8AAEB46EDE92}.ReleaseNoStore|ARM.ActiveCfg = ReleaseNoStore|ARM
		{116CB644-BDCA-462F-81A2-8AAEB46EDE92}.ReleaseNoStore|ARM.Build.0 = ReleaseNoStore|ARM
		{116CB644-BDCA-462F-81A2-8AAEB46EDE92}.ReleaseNoStore|x64.ActiveCfg = ReleaseNoStore|x64
		{116CB644-BDCA-462F-81A2-8AAEB46EDE92}.ReleaseNoStore|x64.Build.0 = ReleaseNoStore|x64
		{116CB644-BDCA-462F-81A2-8AAEB46EDE92}.ReleaseNoStore|x86.ActiveCfg = ReleaseNoStore|x86
		{116CB644-BDCA-462F-81A2-8AAEB46EDE92}.ReleaseNoStore|x86.Build.0 = ReleaseNoStore|x86
		{FCCFA2FC-F84A-47EA-B42A-8D90D5545551}.Debug|Any CPU.ActiveCfg = Debug|Any CPU
		{FCCFA2FC-F84A-47EA-B42A-8D90D5545551}.Debug|Any CPU.Build.0 = Debug|Any CPU
		{FCCFA2FC-F84A-47EA-B42A-8D90D5545551}.Debug|ARM.ActiveCfg = Debug|ARM
		{FCCFA2FC-F84A-47EA-B42A-8D90D5545551}.Debug|ARM.Build.0 = Debug|ARM
		{FCCFA2FC-F84A-47EA-B42A-8D90D5545551}.Debug|x64.ActiveCfg = Debug|x64
		{FCCFA2FC-F84A-47EA-B42A-8D90D5545551}.Debug|x64.Build.0 = Debug|x64
		{FCCFA2FC-F84A-47EA-B42A-8D90D5545551}.Debug|x86.ActiveCfg = Debug|x86
		{FCCFA2FC-F84A-47EA-B42A-8D90D5545551}.Debug|x86.Build.0 = Debug|x86
		{FCCFA2FC-F84A-47EA-B42A-8D90D5545551}.DebugNoStore|Any CPU.ActiveCfg = DebugNoStore|Any CPU
		{FCCFA2FC-F84A-47EA-B42A-8D90D5545551}.DebugNoStore|Any CPU.Build.0 = DebugNoStore|Any CPU
		{FCCFA2FC-F84A-47EA-B42A-8D90D5545551}.DebugNoStore|ARM.ActiveCfg = DebugNoStore|ARM
		{FCCFA2FC-F84A-47EA-B42A-8D90D5545551}.DebugNoStore|ARM.Build.0 = DebugNoStore|ARM
		{FCCFA2FC-F84A-47EA-B42A-8D90D5545551}.DebugNoStore|x64.ActiveCfg = DebugNoStore|x64
		{FCCFA2FC-F84A-47EA-B42A-8D90D5545551}.DebugNoStore|x64.Build.0 = DebugNoStore|x64
		{FCCFA2FC-F84A-47EA-B42A-8D90D5545551}.DebugNoStore|x86.ActiveCfg = DebugNoStore|x86
		{FCCFA2FC-F84A-47EA-B42A-8D90D5545551}.DebugNoStore|x86.Build.0 = DebugNoStore|x86
		{FCCFA2FC-F84A-47EA-B42A-8D90D5545551}.Release|Any CPU.ActiveCfg = Release|Any CPU
		{FCCFA2FC-F84A-47EA-B42A-8D90D5545551}.Release|Any CPU.Build.0 = Release|Any CPU
		{FCCFA2FC-F84A-47EA-B42A-8D90D5545551}.Release|ARM.ActiveCfg = Release|ARM
		{FCCFA2FC-F84A-47EA-B42A-8D90D5545551}.Release|ARM.Build.0 = Release|ARM
		{FCCFA2FC-F84A-47EA-B42A-8D90D5545551}.Release|x64.ActiveCfg = Release|x64
		{FCCFA2FC-F84A-47EA-B42A-8D90D5545551}.Release|x64.Build.0 = Release|x64
		{FCCFA2FC-F84A-47EA-B42A-8D90D5545551}.Release|x86.ActiveCfg = Release|x86
		{FCCFA2FC-F84A-47EA-B42A-8D90D5545551}.Release|x86.Build.0 = Release|x86
		{FCCFA2FC-F84A-47EA-B42A-8D90D5545551}.ReleaseNoStore|Any CPU.ActiveCfg = ReleaseNoStore|Any CPU
		{FCCFA2FC-F84A-47EA-B42A-8D90D5545551}.ReleaseNoStore|Any CPU.Build.0 = ReleaseNoStore|Any CPU
		{FCCFA2FC-F84A-47EA-B42A-8D90D5545551}.ReleaseNoStore|ARM.ActiveCfg = ReleaseNoStore|ARM
		{FCCFA2FC-F84A-47EA-B42A-8D90D5545551}.ReleaseNoStore|ARM.Build.0 = ReleaseNoStore|ARM
		{FCCFA2FC-F84A-47EA-B42A-8D90D5545551}.ReleaseNoStore|x64.ActiveCfg = ReleaseNoStore|x64
		{FCCFA2FC-F84A-47EA-B42A-8D90D5545551}.ReleaseNoStore|x64.Build.0 = ReleaseNoStore|x64
		{FCCFA2FC-F84A-47EA-B42A-8D90D5545551}.ReleaseNoStore|x86.ActiveCfg = ReleaseNoStore|x86
		{FCCFA2FC-F84A-47EA-B42A-8D90D5545551}.ReleaseNoStore|x86.Build.0 = ReleaseNoStore|x86
		{A23CD15A-9D3A-4FF6-95BD-EB0A2DDFC68E}.Debug|Any CPU.ActiveCfg = Debug|Any CPU
		{A23CD15A-9D3A-4FF6-95BD-EB0A2DDFC68E}.Debug|Any CPU.Build.0 = Debug|Any CPU
		{A23CD15A-9D3A-4FF6-95BD-EB0A2DDFC68E}.Debug|ARM.ActiveCfg = Debug|ARM
		{A23CD15A-9D3A-4FF6-95BD-EB0A2DDFC68E}.Debug|ARM.Build.0 = Debug|ARM
		{A23CD15A-9D3A-4FF6-95BD-EB0A2DDFC68E}.Debug|x64.ActiveCfg = Debug|x64
		{A23CD15A-9D3A-4FF6-95BD-EB0A2DDFC68E}.Debug|x64.Build.0 = Debug|x64
		{A23CD15A-9D3A-4FF6-95BD-EB0A2DDFC68E}.Debug|x86.ActiveCfg = Debug|x86
		{A23CD15A-9D3A-4FF6-95BD-EB0A2DDFC68E}.Debug|x86.Build.0 = Debug|x86
		{A23CD15A-9D3A-4FF6-95BD-EB0A2DDFC68E}.DebugNoStore|Any CPU.ActiveCfg = DebugNoStore|Any CPU
		{A23CD15A-9D3A-4FF6-95BD-EB0A2DDFC68E}.DebugNoStore|Any CPU.Build.0 = DebugNoStore|Any CPU
		{A23CD15A-9D3A-4FF6-95BD-EB0A2DDFC68E}.DebugNoStore|ARM.ActiveCfg = DebugNoStore|ARM
		{A23CD15A-9D3A-4FF6-95BD-EB0A2DDFC68E}.DebugNoStore|ARM.Build.0 = DebugNoStore|ARM
		{A23CD15A-9D3A-4FF6-95BD-EB0A2DDFC68E}.DebugNoStore|x64.ActiveCfg = DebugNoStore|x64
		{A23CD15A-9D3A-4FF6-95BD-EB0A2DDFC68E}.DebugNoStore|x64.Build.0 = DebugNoStore|x64
		{A23CD15A-9D3A-4FF6-95BD-EB0A2DDFC68E}.DebugNoStore|x86.ActiveCfg = DebugNoStore|x86
		{A23CD15A-9D3A-4FF6-95BD-EB0A2DDFC68E}.DebugNoStore|x86.Build.0 = DebugNoStore|x86
		{A23CD15A-9D3A-4FF6-95BD-EB0A2DDFC68E}.Release|Any CPU.ActiveCfg = Release|Any CPU
		{A23CD15A-9D3A-4FF6-95BD-EB0A2DDFC68E}.Release|Any CPU.Build.0 = Release|Any CPU
		{A23CD15A-9D3A-4FF6-95BD-EB0A2DDFC68E}.Release|ARM.ActiveCfg = Release|ARM
		{A23CD15A-9D3A-4FF6-95BD-EB0A2DDFC68E}.Release|ARM.Build.0 = Release|ARM
		{A23CD15A-9D3A-4FF6-95BD-EB0A2DDFC68E}.Release|x64.ActiveCfg = Release|x64
		{A23CD15A-9D3A-4FF6-95BD-EB0A2DDFC68E}.Release|x64.Build.0 = Release|x64
		{A23CD15A-9D3A-4FF6-95BD-EB0A2DDFC68E}.Release|x86.ActiveCfg = Release|x86
		{A23CD15A-9D3A-4FF6-95BD-EB0A2DDFC68E}.Release|x86.Build.0 = Release|x86
		{A23CD15A-9D3A-4FF6-95BD-EB0A2DDFC68E}.ReleaseNoStore|Any CPU.ActiveCfg = ReleaseNoStore|Any CPU
		{A23CD15A-9D3A-4FF6-95BD-EB0A2DDFC68E}.ReleaseNoStore|Any CPU.Build.0 = ReleaseNoStore|Any CPU
		{A23CD15A-9D3A-4FF6-95BD-EB0A2DDFC68E}.ReleaseNoStore|ARM.ActiveCfg = ReleaseNoStore|ARM
		{A23CD15A-9D3A-4FF6-95BD-EB0A2DDFC68E}.ReleaseNoStore|ARM.Build.0 = ReleaseNoStore|ARM
		{A23CD15A-9D3A-4FF6-95BD-EB0A2DDFC68E}.ReleaseNoStore|x64.ActiveCfg = ReleaseNoStore|x64
		{A23CD15A-9D3A-4FF6-95BD-EB0A2DDFC68E}.ReleaseNoStore|x64.Build.0 = ReleaseNoStore|x64
		{A23CD15A-9D3A-4FF6-95BD-EB0A2DDFC68E}.ReleaseNoStore|x86.ActiveCfg = ReleaseNoStore|x86
		{A23CD15A-9D3A-4FF6-95BD-EB0A2DDFC68E}.ReleaseNoStore|x86.Build.0 = ReleaseNoStore|x86
		{06425613-E56B-4C98-A8D2-58900E36E417}.Debug|Any CPU.ActiveCfg = Debug|Any CPU
		{06425613-E56B-4C98-A8D2-58900E36E417}.Debug|Any CPU.Build.0 = Debug|Any CPU
		{06425613-E56B-4C98-A8D2-58900E36E417}.Debug|ARM.ActiveCfg = Debug|ARM
		{06425613-E56B-4C98-A8D2-58900E36E417}.Debug|ARM.Build.0 = Debug|ARM
		{06425613-E56B-4C98-A8D2-58900E36E417}.Debug|x64.ActiveCfg = Debug|x64
		{06425613-E56B-4C98-A8D2-58900E36E417}.Debug|x64.Build.0 = Debug|x64
		{06425613-E56B-4C98-A8D2-58900E36E417}.Debug|x86.ActiveCfg = Debug|x86
		{06425613-E56B-4C98-A8D2-58900E36E417}.Debug|x86.Build.0 = Debug|x86
		{06425613-E56B-4C98-A8D2-58900E36E417}.DebugNoStore|Any CPU.ActiveCfg = Debug|Any CPU
		{06425613-E56B-4C98-A8D2-58900E36E417}.DebugNoStore|Any CPU.Build.0 = Debug|Any CPU
		{06425613-E56B-4C98-A8D2-58900E36E417}.DebugNoStore|ARM.ActiveCfg = Debug|ARM
		{06425613-E56B-4C98-A8D2-58900E36E417}.DebugNoStore|ARM.Build.0 = Debug|ARM
		{06425613-E56B-4C98-A8D2-58900E36E417}.DebugNoStore|x64.ActiveCfg = Debug|x64
		{06425613-E56B-4C98-A8D2-58900E36E417}.DebugNoStore|x64.Build.0 = Debug|x64
		{06425613-E56B-4C98-A8D2-58900E36E417}.DebugNoStore|x86.ActiveCfg = Debug|x86
		{06425613-E56B-4C98-A8D2-58900E36E417}.DebugNoStore|x86.Build.0 = Debug|x86
		{06425613-E56B-4C98-A8D2-58900E36E417}.Release|Any CPU.ActiveCfg = Release|Any CPU
		{06425613-E56B-4C98-A8D2-58900E36E417}.Release|Any CPU.Build.0 = Release|Any CPU
		{06425613-E56B-4C98-A8D2-58900E36E417}.Release|ARM.ActiveCfg = Release|ARM
		{06425613-E56B-4C98-A8D2-58900E36E417}.Release|ARM.Build.0 = Release|ARM
		{06425613-E56B-4C98-A8D2-58900E36E417}.Release|x64.ActiveCfg = Release|x64
		{06425613-E56B-4C98-A8D2-58900E36E417}.Release|x64.Build.0 = Release|x64
		{06425613-E56B-4C98-A8D2-58900E36E417}.Release|x86.ActiveCfg = Release|x86
		{06425613-E56B-4C98-A8D2-58900E36E417}.Release|x86.Build.0 = Release|x86
		{06425613-E56B-4C98-A8D2-58900E36E417}.ReleaseNoStore|Any CPU.ActiveCfg = Release|Any CPU
		{06425613-E56B-4C98-A8D2-58900E36E417}.ReleaseNoStore|Any CPU.Build.0 = Release|Any CPU
		{06425613-E56B-4C98-A8D2-58900E36E417}.ReleaseNoStore|ARM.ActiveCfg = Release|ARM
		{06425613-E56B-4C98-A8D2-58900E36E417}.ReleaseNoStore|ARM.Build.0 = Release|ARM
		{06425613-E56B-4C98-A8D2-58900E36E417}.ReleaseNoStore|x64.ActiveCfg = Release|x64
		{06425613-E56B-4C98-A8D2-58900E36E417}.ReleaseNoStore|x64.Build.0 = Release|x64
		{06425613-E56B-4C98-A8D2-58900E36E417}.ReleaseNoStore|x86.ActiveCfg = Release|x86
		{06425613-E56B-4C98-A8D2-58900E36E417}.ReleaseNoStore|x86.Build.0 = Release|x86
		{485A96F0-CEFF-4164-8D62-35A04043BAF5}.Debug|Any CPU.ActiveCfg = Debug|x86
		{485A96F0-CEFF-4164-8D62-35A04043BAF5}.Debug|ARM.ActiveCfg = Debug|ARM
		{485A96F0-CEFF-4164-8D62-35A04043BAF5}.Debug|ARM.Build.0 = Debug|ARM
		{485A96F0-CEFF-4164-8D62-35A04043BAF5}.Debug|ARM.Deploy.0 = Debug|ARM
		{485A96F0-CEFF-4164-8D62-35A04043BAF5}.Debug|x64.ActiveCfg = Debug|x64
		{485A96F0-CEFF-4164-8D62-35A04043BAF5}.Debug|x64.Build.0 = Debug|x64
		{485A96F0-CEFF-4164-8D62-35A04043BAF5}.Debug|x64.Deploy.0 = Debug|x64
		{485A96F0-CEFF-4164-8D62-35A04043BAF5}.Debug|x86.ActiveCfg = Debug|x86
		{485A96F0-CEFF-4164-8D62-35A04043BAF5}.Debug|x86.Build.0 = Debug|x86
		{485A96F0-CEFF-4164-8D62-35A04043BAF5}.Debug|x86.Deploy.0 = Debug|x86
		{485A96F0-CEFF-4164-8D62-35A04043BAF5}.DebugNoStore|Any CPU.ActiveCfg = Release|x64
		{485A96F0-CEFF-4164-8D62-35A04043BAF5}.DebugNoStore|Any CPU.Build.0 = Release|x64
		{485A96F0-CEFF-4164-8D62-35A04043BAF5}.DebugNoStore|Any CPU.Deploy.0 = Release|x64
		{485A96F0-CEFF-4164-8D62-35A04043BAF5}.DebugNoStore|ARM.ActiveCfg = Debug|ARM
		{485A96F0-CEFF-4164-8D62-35A04043BAF5}.DebugNoStore|ARM.Build.0 = Debug|ARM
		{485A96F0-CEFF-4164-8D62-35A04043BAF5}.DebugNoStore|x64.ActiveCfg = Debug|x64
		{485A96F0-CEFF-4164-8D62-35A04043BAF5}.DebugNoStore|x64.Build.0 = Debug|x64
		{485A96F0-CEFF-4164-8D62-35A04043BAF5}.DebugNoStore|x86.ActiveCfg = Debug|x86
		{485A96F0-CEFF-4164-8D62-35A04043BAF5}.DebugNoStore|x86.Build.0 = Debug|x86
		{485A96F0-CEFF-4164-8D62-35A04043BAF5}.Release|Any CPU.ActiveCfg = Release|x86
		{485A96F0-CEFF-4164-8D62-35A04043BAF5}.Release|ARM.ActiveCfg = Release|ARM
		{485A96F0-CEFF-4164-8D62-35A04043BAF5}.Release|ARM.Build.0 = Release|ARM
		{485A96F0-CEFF-4164-8D62-35A04043BAF5}.Release|ARM.Deploy.0 = Release|ARM
		{485A96F0-CEFF-4164-8D62-35A04043BAF5}.Release|x64.ActiveCfg = Release|x64
		{485A96F0-CEFF-4164-8D62-35A04043BAF5}.Release|x64.Build.0 = Release|x64
		{485A96F0-CEFF-4164-8D62-35A04043BAF5}.Release|x64.Deploy.0 = Release|x64
		{485A96F0-CEFF-4164-8D62-35A04043BAF5}.Release|x86.ActiveCfg = Release|x86
		{485A96F0-CEFF-4164-8D62-35A04043BAF5}.Release|x86.Build.0 = Release|x86
		{485A96F0-CEFF-4164-8D62-35A04043BAF5}.Release|x86.Deploy.0 = Release|x86
		{485A96F0-CEFF-4164-8D62-35A04043BAF5}.ReleaseNoStore|Any CPU.ActiveCfg = Release|x64
		{485A96F0-CEFF-4164-8D62-35A04043BAF5}.ReleaseNoStore|Any CPU.Build.0 = Release|x64
		{485A96F0-CEFF-4164-8D62-35A04043BAF5}.ReleaseNoStore|Any CPU.Deploy.0 = Release|x64
		{485A96F0-CEFF-4164-8D62-35A04043BAF5}.ReleaseNoStore|ARM.ActiveCfg = Release|ARM
		{485A96F0-CEFF-4164-8D62-35A04043BAF5}.ReleaseNoStore|ARM.Build.0 = Release|ARM
		{485A96F0-CEFF-4164-8D62-35A04043BAF5}.ReleaseNoStore|x64.ActiveCfg = Release|x64
		{485A96F0-CEFF-4164-8D62-35A04043BAF5}.ReleaseNoStore|x64.Build.0 = Release|x64
		{485A96F0-CEFF-4164-8D62-35A04043BAF5}.ReleaseNoStore|x86.ActiveCfg = Release|x86
		{485A96F0-CEFF-4164-8D62-35A04043BAF5}.ReleaseNoStore|x86.Build.0 = Release|x86
	EndGlobalSection
	GlobalSection(SolutionProperties) = preSolution
		HideSolutionNode = FALSE
	EndGlobalSection
EndGlobal
