
Microsoft Visual Studio Solution File, Format Version 12.00
# Visual Studio 14
VisualStudioVersion = 14.0.24720.0
MinimumVisualStudioVersion = 10.0.40219.1
Project("{FAE04EC0-301F-11D3-BF4B-00C04F79EFBC}") = "GPSHikingMate10", "GPSHikingMate10\GPSHikingMate10.csproj", "{C1FC8E3C-7EDC-4CC0-B68E-8C9E1B4F4001}"
	ProjectSection(ProjectDependencies) = postProject
		{FCCFA2FC-F84A-47EA-B42A-8D90D5545551} = {FCCFA2FC-F84A-47EA-B42A-8D90D5545551}
	EndProjectSection
EndProject
Project("{FAE04EC0-301F-11D3-BF4B-00C04F79EFBC}") = "Utilz", "Utilz\Utilz.csproj", "{687098C3-0AE8-4A13-BF87-99E363CB609D}"
EndProject
Project("{FAE04EC0-301F-11D3-BF4B-00C04F79EFBC}") = "Controlz", "Controlz\Controlz.csproj", "{941E81BF-E57C-49F3-96D7-522F1C045F11}"
EndProject
Project("{FAE04EC0-301F-11D3-BF4B-00C04F79EFBC}") = "DataModel", "DataModel\DataModel.csproj", "{116CB644-BDCA-462F-81A2-8AAEB46EDE92}"
EndProject
Project("{FAE04EC0-301F-11D3-BF4B-00C04F79EFBC}") = "LolloChartMobile", "LolloChartMobile\LolloChartMobile.csproj", "{D5C793B0-A4D5-428D-9819-3A5044B3F234}"
EndProject
Project("{FAE04EC0-301F-11D3-BF4B-00C04F79EFBC}") = "GPSInteractor", "GPSInteractor\GPSInteractor.csproj", "{A23CD15A-9D3A-4FF6-95BD-EB0A2DDFC68E}"
EndProject
Project("{FAE04EC0-301F-11D3-BF4B-00C04F79EFBC}") = "GPSHikingMate10BackgroundTasks", "BackgroundTask\GPSHikingMate10BackgroundTasks.csproj", "{FCCFA2FC-F84A-47EA-B42A-8D90D5545551}"
EndProject
Project("{FAE04EC0-301F-11D3-BF4B-00C04F79EFBC}") = "UnitTestProject1", "UnitTestProject1\UnitTestProject1.csproj", "{CF4B0119-9515-4295-B2C9-C571BC91365E}"
EndProject
Global
	GlobalSection(SolutionConfigurationPlatforms) = preSolution
		Debug|Any CPU = Debug|Any CPU
		Debug|ARM = Debug|ARM
		Debug|x64 = Debug|x64
		Debug|x86 = Debug|x86
		DebugNoStore|Any CPU = DebugNoStore|Any CPU
		DebugNoStore|ARM = DebugNoStore|ARM
		DebugNoStore|x64 = DebugNoStore|x64
		DebugNoStore|x86 = DebugNoStore|x86
		Release|Any CPU = Release|Any CPU
		Release|ARM = Release|ARM
		Release|x64 = Release|x64
		Release|x86 = Release|x86
		ReleaseNoStore|Any CPU = ReleaseNoStore|Any CPU
		ReleaseNoStore|ARM = ReleaseNoStore|ARM
		ReleaseNoStore|x64 = ReleaseNoStore|x64
		ReleaseNoStore|x86 = ReleaseNoStore|x86
	EndGlobalSection
	GlobalSection(ProjectConfigurationPlatforms) = postSolution
		{C1FC8E3C-7EDC-4CC0-B68E-8C9E1B4F4001}.Debug|Any CPU.ActiveCfg = Debug|x86
		{C1FC8E3C-7EDC-4CC0-B68E-8C9E1B4F4001}.Debug|ARM.ActiveCfg = Debug|ARM
		{C1FC8E3C-7EDC-4CC0-B68E-8C9E1B4F4001}.Debug|ARM.Build.0 = Debug|ARM
		{C1FC8E3C-7EDC-4CC0-B68E-8C9E1B4F4001}.Debug|ARM.Deploy.0 = Debug|ARM
		{C1FC8E3C-7EDC-4CC0-B68E-8C9E1B4F4001}.Debug|x64.ActiveCfg = Debug|x64
		{C1FC8E3C-7EDC-4CC0-B68E-8C9E1B4F4001}.Debug|x64.Build.0 = Debug|x64
		{C1FC8E3C-7EDC-4CC0-B68E-8C9E1B4F4001}.Debug|x64.Deploy.0 = Debug|x64
		{C1FC8E3C-7EDC-4CC0-B68E-8C9E1B4F4001}.Debug|x86.ActiveCfg = Debug|x86
		{C1FC8E3C-7EDC-4CC0-B68E-8C9E1B4F4001}.Debug|x86.Build.0 = Debug|x86
		{C1FC8E3C-7EDC-4CC0-B68E-8C9E1B4F4001}.Debug|x86.Deploy.0 = Debug|x86
		{C1FC8E3C-7EDC-4CC0-B68E-8C9E1B4F4001}.DebugNoStore|Any CPU.ActiveCfg = DebugNoStore|x86
		{C1FC8E3C-7EDC-4CC0-B68E-8C9E1B4F4001}.DebugNoStore|ARM.ActiveCfg = DebugNoStore|ARM
		{C1FC8E3C-7EDC-4CC0-B68E-8C9E1B4F4001}.DebugNoStore|ARM.Build.0 = DebugNoStore|ARM
		{C1FC8E3C-7EDC-4CC0-B68E-8C9E1B4F4001}.DebugNoStore|ARM.Deploy.0 = DebugNoStore|ARM
		{C1FC8E3C-7EDC-4CC0-B68E-8C9E1B4F4001}.DebugNoStore|x64.ActiveCfg = DebugNoStore|x64
		{C1FC8E3C-7EDC-4CC0-B68E-8C9E1B4F4001}.DebugNoStore|x64.Build.0 = DebugNoStore|x64
		{C1FC8E3C-7EDC-4CC0-B68E-8C9E1B4F4001}.DebugNoStore|x64.Deploy.0 = DebugNoStore|x64
		{C1FC8E3C-7EDC-4CC0-B68E-8C9E1B4F4001}.DebugNoStore|x86.ActiveCfg = DebugNoStore|x86
		{C1FC8E3C-7EDC-4CC0-B68E-8C9E1B4F4001}.DebugNoStore|x86.Build.0 = DebugNoStore|x86
		{C1FC8E3C-7EDC-4CC0-B68E-8C9E1B4F4001}.DebugNoStore|x86.Deploy.0 = DebugNoStore|x86
		{C1FC8E3C-7EDC-4CC0-B68E-8C9E1B4F4001}.Release|Any CPU.ActiveCfg = Release|x86
		{C1FC8E3C-7EDC-4CC0-B68E-8C9E1B4F4001}.Release|ARM.ActiveCfg = Release|ARM
		{C1FC8E3C-7EDC-4CC0-B68E-8C9E1B4F4001}.Release|ARM.Build.0 = Release|ARM
		{C1FC8E3C-7EDC-4CC0-B68E-8C9E1B4F4001}.Release|ARM.Deploy.0 = Release|ARM
		{C1FC8E3C-7EDC-4CC0-B68E-8C9E1B4F4001}.Release|x64.ActiveCfg = Release|x64
		{C1FC8E3C-7EDC-4CC0-B68E-8C9E1B4F4001}.Release|x64.Build.0 = Release|x64
		{C1FC8E3C-7EDC-4CC0-B68E-8C9E1B4F4001}.Release|x64.Deploy.0 = Release|x64
		{C1FC8E3C-7EDC-4CC0-B68E-8C9E1B4F4001}.Release|x86.ActiveCfg = Release|x86
		{C1FC8E3C-7EDC-4CC0-B68E-8C9E1B4F4001}.Release|x86.Build.0 = Release|x86
		{C1FC8E3C-7EDC-4CC0-B68E-8C9E1B4F4001}.Release|x86.Deploy.0 = Release|x86
		{C1FC8E3C-7EDC-4CC0-B68E-8C9E1B4F4001}.ReleaseNoStore|Any CPU.ActiveCfg = ReleaseNoStore|x86
		{C1FC8E3C-7EDC-4CC0-B68E-8C9E1B4F4001}.ReleaseNoStore|ARM.ActiveCfg = ReleaseNoStore|ARM
		{C1FC8E3C-7EDC-4CC0-B68E-8C9E1B4F4001}.ReleaseNoStore|ARM.Build.0 = ReleaseNoStore|ARM
		{C1FC8E3C-7EDC-4CC0-B68E-8C9E1B4F4001}.ReleaseNoStore|ARM.Deploy.0 = ReleaseNoStore|ARM
		{C1FC8E3C-7EDC-4CC0-B68E-8C9E1B4F4001}.ReleaseNoStore|x64.ActiveCfg = ReleaseNoStore|x64
		{C1FC8E3C-7EDC-4CC0-B68E-8C9E1B4F4001}.ReleaseNoStore|x64.Build.0 = ReleaseNoStore|x64
		{C1FC8E3C-7EDC-4CC0-B68E-8C9E1B4F4001}.ReleaseNoStore|x64.Deploy.0 = ReleaseNoStore|x64
		{C1FC8E3C-7EDC-4CC0-B68E-8C9E1B4F4001}.ReleaseNoStore|x86.ActiveCfg = ReleaseNoStore|x86
		{C1FC8E3C-7EDC-4CC0-B68E-8C9E1B4F4001}.ReleaseNoStore|x86.Build.0 = ReleaseNoStore|x86
		{C1FC8E3C-7EDC-4CC0-B68E-8C9E1B4F4001}.ReleaseNoStore|x86.Deploy.0 = ReleaseNoStore|x86
		{687098C3-0AE8-4A13-BF87-99E363CB609D}.Debug|Any CPU.ActiveCfg = Debug|Any CPU
		{687098C3-0AE8-4A13-BF87-99E363CB609D}.Debug|Any CPU.Build.0 = Debug|Any CPU
		{687098C3-0AE8-4A13-BF87-99E363CB609D}.Debug|ARM.ActiveCfg = Debug|ARM
		{687098C3-0AE8-4A13-BF87-99E363CB609D}.Debug|ARM.Build.0 = Debug|ARM
		{687098C3-0AE8-4A13-BF87-99E363CB609D}.Debug|x64.ActiveCfg = Debug|x64
		{687098C3-0AE8-4A13-BF87-99E363CB609D}.Debug|x64.Build.0 = Debug|x64
		{687098C3-0AE8-4A13-BF87-99E363CB609D}.Debug|x86.ActiveCfg = Debug|x86
		{687098C3-0AE8-4A13-BF87-99E363CB609D}.Debug|x86.Build.0 = Debug|x86
		{687098C3-0AE8-4A13-BF87-99E363CB609D}.DebugNoStore|Any CPU.ActiveCfg = DebugNoStore|Any CPU
		{687098C3-0AE8-4A13-BF87-99E363CB609D}.DebugNoStore|Any CPU.Build.0 = DebugNoStore|Any CPU
		{687098C3-0AE8-4A13-BF87-99E363CB609D}.DebugNoStore|ARM.ActiveCfg = DebugNoStore|ARM
		{687098C3-0AE8-4A13-BF87-99E363CB609D}.DebugNoStore|ARM.Build.0 = DebugNoStore|ARM
		{687098C3-0AE8-4A13-BF87-99E363CB609D}.DebugNoStore|x64.ActiveCfg = DebugNoStore|x64
		{687098C3-0AE8-4A13-BF87-99E363CB609D}.DebugNoStore|x64.Build.0 = DebugNoStore|x64
		{687098C3-0AE8-4A13-BF87-99E363CB609D}.DebugNoStore|x86.ActiveCfg = DebugNoStore|x86
		{687098C3-0AE8-4A13-BF87-99E363CB609D}.DebugNoStore|x86.Build.0 = DebugNoStore|x86
		{687098C3-0AE8-4A13-BF87-99E363CB609D}.Release|Any CPU.ActiveCfg = Release|Any CPU
		{687098C3-0AE8-4A13-BF87-99E363CB609D}.Release|Any CPU.Build.0 = Release|Any CPU
		{687098C3-0AE8-4A13-BF87-99E363CB609D}.Release|ARM.ActiveCfg = Release|ARM
		{687098C3-0AE8-4A13-BF87-99E363CB609D}.Release|ARM.Build.0 = Release|ARM
		{687098C3-0AE8-4A13-BF87-99E363CB609D}.Release|x64.ActiveCfg = Release|x64
		{687098C3-0AE8-4A13-BF87-99E363CB609D}.Release|x64.Build.0 = Release|x64
		{687098C3-0AE8-4A13-BF87-99E363CB609D}.Release|x86.ActiveCfg = Release|x86
		{687098C3-0AE8-4A13-BF87-99E363CB609D}.Release|x86.Build.0 = Release|x86
		{687098C3-0AE8-4A13-BF87-99E363CB609D}.ReleaseNoStore|Any CPU.ActiveCfg = ReleaseNoStore|Any CPU
		{687098C3-0AE8-4A13-BF87-99E363CB609D}.ReleaseNoStore|Any CPU.Build.0 = ReleaseNoStore|Any CPU
		{687098C3-0AE8-4A13-BF87-99E363CB609D}.ReleaseNoStore|ARM.ActiveCfg = ReleaseNoStore|ARM
		{687098C3-0AE8-4A13-BF87-99E363CB609D}.ReleaseNoStore|ARM.Build.0 = ReleaseNoStore|ARM
		{687098C3-0AE8-4A13-BF87-99E363CB609D}.ReleaseNoStore|x64.ActiveCfg = ReleaseNoStore|x64
		{687098C3-0AE8-4A13-BF87-99E363CB609D}.ReleaseNoStore|x64.Build.0 = ReleaseNoStore|x64
		{687098C3-0AE8-4A13-BF87-99E363CB609D}.ReleaseNoStore|x86.ActiveCfg = ReleaseNoStore|x86
		{687098C3-0AE8-4A13-BF87-99E363CB609D}.ReleaseNoStore|x86.Build.0 = ReleaseNoStore|x86
		{941E81BF-E57C-49F3-96D7-522F1C045F11}.Debug|Any CPU.ActiveCfg = Debug|Any CPU
		{941E81BF-E57C-49F3-96D7-522F1C045F11}.Debug|Any CPU.Build.0 = Debug|Any CPU
		{941E81BF-E57C-49F3-96D7-522F1C045F11}.Debug|ARM.ActiveCfg = Debug|ARM
		{941E81BF-E57C-49F3-96D7-522F1C045F11}.Debug|ARM.Build.0 = Debug|ARM
		{941E81BF-E57C-49F3-96D7-522F1C045F11}.Debug|x64.ActiveCfg = Debug|x64
		{941E81BF-E57C-49F3-96D7-522F1C045F11}.Debug|x64.Build.0 = Debug|x64
		{941E81BF-E57C-49F3-96D7-522F1C045F11}.Debug|x86.ActiveCfg = Debug|x86
		{941E81BF-E57C-49F3-96D7-522F1C045F11}.Debug|x86.Build.0 = Debug|x86
		{941E81BF-E57C-49F3-96D7-522F1C045F11}.DebugNoStore|Any CPU.ActiveCfg = DebugNoStore|Any CPU
		{941E81BF-E57C-49F3-96D7-522F1C045F11}.DebugNoStore|Any CPU.Build.0 = DebugNoStore|Any CPU
		{941E81BF-E57C-49F3-96D7-522F1C045F11}.DebugNoStore|ARM.ActiveCfg = DebugNoStore|ARM
		{941E81BF-E57C-49F3-96D7-522F1C045F11}.DebugNoStore|ARM.Build.0 = DebugNoStore|ARM
		{941E81BF-E57C-49F3-96D7-522F1C045F11}.DebugNoStore|x64.ActiveCfg = DebugNoStore|x64
		{941E81BF-E57C-49F3-96D7-522F1C045F11}.DebugNoStore|x64.Build.0 = DebugNoStore|x64
		{941E81BF-E57C-49F3-96D7-522F1C045F11}.DebugNoStore|x86.ActiveCfg = DebugNoStore|x86
		{941E81BF-E57C-49F3-96D7-522F1C045F11}.DebugNoStore|x86.Build.0 = DebugNoStore|x86
		{941E81BF-E57C-49F3-96D7-522F1C045F11}.Release|Any CPU.ActiveCfg = Release|Any CPU
		{941E81BF-E57C-49F3-96D7-522F1C045F11}.Release|Any CPU.Build.0 = Release|Any CPU
		{941E81BF-E57C-49F3-96D7-522F1C045F11}.Release|ARM.ActiveCfg = Release|ARM
		{941E81BF-E57C-49F3-96D7-522F1C045F11}.Release|ARM.Build.0 = Release|ARM
		{941E81BF-E57C-49F3-96D7-522F1C045F11}.Release|x64.ActiveCfg = Release|x64
		{941E81BF-E57C-49F3-96D7-522F1C045F11}.Release|x64.Build.0 = Release|x64
		{941E81BF-E57C-49F3-96D7-522F1C045F11}.Release|x86.ActiveCfg = Release|x86
		{941E81BF-E57C-49F3-96D7-522F1C045F11}.Release|x86.Build.0 = Release|x86
		{941E81BF-E57C-49F3-96D7-522F1C045F11}.ReleaseNoStore|Any CPU.ActiveCfg = ReleaseNoStore|Any CPU
		{941E81BF-E57C-49F3-96D7-522F1C045F11}.ReleaseNoStore|Any CPU.Build.0 = ReleaseNoStore|Any CPU
		{941E81BF-E57C-49F3-96D7-522F1C045F11}.ReleaseNoStore|ARM.ActiveCfg = ReleaseNoStore|ARM
		{941E81BF-E57C-49F3-96D7-522F1C045F11}.ReleaseNoStore|ARM.Build.0 = ReleaseNoStore|ARM
		{941E81BF-E57C-49F3-96D7-522F1C045F11}.ReleaseNoStore|x64.ActiveCfg = ReleaseNoStore|x64
		{941E81BF-E57C-49F3-96D7-522F1C045F11}.ReleaseNoStore|x64.Build.0 = ReleaseNoStore|x64
		{941E81BF-E57C-49F3-96D7-522F1C045F11}.ReleaseNoStore|x86.ActiveCfg = ReleaseNoStore|x86
		{941E81BF-E57C-49F3-96D7-522F1C045F11}.ReleaseNoStore|x86.Build.0 = ReleaseNoStore|x86
		{116CB644-BDCA-462F-81A2-8AAEB46EDE92}.Debug|Any CPU.ActiveCfg = Debug|Any CPU
		{116CB644-BDCA-462F-81A2-8AAEB46EDE92}.Debug|Any CPU.Build.0 = Debug|Any CPU
		{116CB644-BDCA-462F-81A2-8AAEB46EDE92}.Debug|ARM.ActiveCfg = Debug|ARM
		{116CB644-BDCA-462F-81A2-8AAEB46EDE92}.Debug|ARM.Build.0 = Debug|ARM
		{116CB644-BDCA-462F-81A2-8AAEB46EDE92}.Debug|x64.ActiveCfg = Debug|x64
		{116CB644-BDCA-462F-81A2-8AAEB46EDE92}.Debug|x64.Build.0 = Debug|x64
		{116CB644-BDCA-462F-81A2-8AAEB46EDE92}.Debug|x86.ActiveCfg = Debug|x86
		{116CB644-BDCA-462F-81A2-8AAEB46EDE92}.Debug|x86.Build.0 = Debug|x86
		{116CB644-BDCA-462F-81A2-8AAEB46EDE92}.DebugNoStore|Any CPU.ActiveCfg = DebugNoStore|Any CPU
		{116CB644-BDCA-462F-81A2-8AAEB46EDE92}.DebugNoStore|Any CPU.Build.0 = DebugNoStore|Any CPU
		{116CB644-BDCA-462F-81A2-8AAEB46EDE92}.DebugNoStore|ARM.ActiveCfg = DebugNoStore|ARM
		{116CB644-BDCA-462F-81A2-8AAEB46EDE92}.DebugNoStore|ARM.Build.0 = DebugNoStore|ARM
		{116CB644-BDCA-462F-81A2-8AAEB46EDE92}.DebugNoStore|x64.ActiveCfg = DebugNoStore|x64
		{116CB644-BDCA-462F-81A2-8AAEB46EDE92}.DebugNoStore|x64.Build.0 = DebugNoStore|x64
		{116CB644-BDCA-462F-81A2-8AAEB46EDE92}.DebugNoStore|x86.ActiveCfg = DebugNoStore|x86
		{116CB644-BDCA-462F-81A2-8AAEB46EDE92}.DebugNoStore|x86.Build.0 = DebugNoStore|x86
		{116CB644-BDCA-462F-81A2-8AAEB46EDE92}.Release|Any CPU.ActiveCfg = Release|Any CPU
		{116CB644-BDCA-462F-81A2-8AAEB46EDE92}.Release|Any CPU.Build.0 = Release|Any CPU
		{116CB644-BDCA-462F-81A2-8AAEB46EDE92}.Release|ARM.ActiveCfg = Release|ARM
		{116CB644-BDCA-462F-81A2-8AAEB46EDE92}.Release|ARM.Build.0 = Release|ARM
		{116CB644-BDCA-462F-81A2-8AAEB46EDE92}.Release|x64.ActiveCfg = Release|x64
		{116CB644-BDCA-462F-81A2-8AAEB46EDE92}.Release|x64.Build.0 = Release|x64
		{116CB644-BDCA-462F-81A2-8AAEB46EDE92}.Release|x86.ActiveCfg = Release|x86
		{116CB644-BDCA-462F-81A2-8AAEB46EDE92}.Release|x86.Build.0 = Release|x86
		{116CB644-BDCA-462F-81A2-8AAEB46EDE92}.ReleaseNoStore|Any CPU.ActiveCfg = ReleaseNoStore|Any CPU
		{116CB644-BDCA-462F-81A2-8AAEB46EDE92}.ReleaseNoStore|Any CPU.Build.0 = ReleaseNoStore|Any CPU
		{116CB644-BDCA-462F-81A2-8AAEB46EDE92}.ReleaseNoStore|ARM.ActiveCfg = ReleaseNoStore|ARM
		{116CB644-BDCA-462F-81A2-8AAEB46EDE92}.ReleaseNoStore|ARM.Build.0 = ReleaseNoStore|ARM
		{116CB644-BDCA-462F-81A2-8AAEB46EDE92}.ReleaseNoStore|x64.ActiveCfg = ReleaseNoStore|x64
		{116CB644-BDCA-462F-81A2-8AAEB46EDE92}.ReleaseNoStore|x64.Build.0 = ReleaseNoStore|x64
		{116CB644-BDCA-462F-81A2-8AAEB46EDE92}.ReleaseNoStore|x86.ActiveCfg = ReleaseNoStore|x86
		{116CB644-BDCA-462F-81A2-8AAEB46EDE92}.ReleaseNoStore|x86.Build.0 = ReleaseNoStore|x86
		{D5C793B0-A4D5-428D-9819-3A5044B3F234}.Debug|Any CPU.ActiveCfg = Debug|Any CPU
		{D5C793B0-A4D5-428D-9819-3A5044B3F234}.Debug|Any CPU.Build.0 = Debug|Any CPU
		{D5C793B0-A4D5-428D-9819-3A5044B3F234}.Debug|ARM.ActiveCfg = Debug|ARM
		{D5C793B0-A4D5-428D-9819-3A5044B3F234}.Debug|ARM.Build.0 = Debug|ARM
		{D5C793B0-A4D5-428D-9819-3A5044B3F234}.Debug|x64.ActiveCfg = Debug|x64
		{D5C793B0-A4D5-428D-9819-3A5044B3F234}.Debug|x64.Build.0 = Debug|x64
		{D5C793B0-A4D5-428D-9819-3A5044B3F234}.Debug|x86.ActiveCfg = Debug|x86
		{D5C793B0-A4D5-428D-9819-3A5044B3F234}.Debug|x86.Build.0 = Debug|x86
		{D5C793B0-A4D5-428D-9819-3A5044B3F234}.DebugNoStore|Any CPU.ActiveCfg = DebugNoStore|Any CPU
		{D5C793B0-A4D5-428D-9819-3A5044B3F234}.DebugNoStore|Any CPU.Build.0 = DebugNoStore|Any CPU
		{D5C793B0-A4D5-428D-9819-3A5044B3F234}.DebugNoStore|ARM.ActiveCfg = DebugNoStore|ARM
		{D5C793B0-A4D5-428D-9819-3A5044B3F234}.DebugNoStore|ARM.Build.0 = DebugNoStore|ARM
		{D5C793B0-A4D5-428D-9819-3A5044B3F234}.DebugNoStore|x64.ActiveCfg = DebugNoStore|x64
		{D5C793B0-A4D5-428D-9819-3A5044B3F234}.DebugNoStore|x64.Build.0 = DebugNoStore|x64
		{D5C793B0-A4D5-428D-9819-3A5044B3F234}.DebugNoStore|x86.ActiveCfg = DebugNoStore|x86
		{D5C793B0-A4D5-428D-9819-3A5044B3F234}.DebugNoStore|x86.Build.0 = DebugNoStore|x86
		{D5C793B0-A4D5-428D-9819-3A5044B3F234}.Release|Any CPU.ActiveCfg = Release|Any CPU
		{D5C793B0-A4D5-428D-9819-3A5044B3F234}.Release|Any CPU.Build.0 = Release|Any CPU
		{D5C793B0-A4D5-428D-9819-3A5044B3F234}.Release|ARM.ActiveCfg = Release|ARM
		{D5C793B0-A4D5-428D-9819-3A5044B3F234}.Release|ARM.Build.0 = Release|ARM
		{D5C793B0-A4D5-428D-9819-3A5044B3F234}.Release|x64.ActiveCfg = Release|x64
		{D5C793B0-A4D5-428D-9819-3A5044B3F234}.Release|x64.Build.0 = Release|x64
		{D5C793B0-A4D5-428D-9819-3A5044B3F234}.Release|x86.ActiveCfg = Release|x86
		{D5C793B0-A4D5-428D-9819-3A5044B3F234}.Release|x86.Build.0 = Release|x86
		{D5C793B0-A4D5-428D-9819-3A5044B3F234}.ReleaseNoStore|Any CPU.ActiveCfg = ReleaseNoStore|Any CPU
		{D5C793B0-A4D5-428D-9819-3A5044B3F234}.ReleaseNoStore|Any CPU.Build.0 = ReleaseNoStore|Any CPU
		{D5C793B0-A4D5-428D-9819-3A5044B3F234}.ReleaseNoStore|ARM.ActiveCfg = ReleaseNoStore|ARM
		{D5C793B0-A4D5-428D-9819-3A5044B3F234}.ReleaseNoStore|ARM.Build.0 = ReleaseNoStore|ARM
		{D5C793B0-A4D5-428D-9819-3A5044B3F234}.ReleaseNoStore|x64.ActiveCfg = ReleaseNoStore|x64
		{D5C793B0-A4D5-428D-9819-3A5044B3F234}.ReleaseNoStore|x64.Build.0 = ReleaseNoStore|x64
		{D5C793B0-A4D5-428D-9819-3A5044B3F234}.ReleaseNoStore|x86.ActiveCfg = ReleaseNoStore|x86
		{D5C793B0-A4D5-428D-9819-3A5044B3F234}.ReleaseNoStore|x86.Build.0 = ReleaseNoStore|x86
		{A23CD15A-9D3A-4FF6-95BD-EB0A2DDFC68E}.Debug|Any CPU.ActiveCfg = Debug|Any CPU
		{A23CD15A-9D3A-4FF6-95BD-EB0A2DDFC68E}.Debug|Any CPU.Build.0 = Debug|Any CPU
		{A23CD15A-9D3A-4FF6-95BD-EB0A2DDFC68E}.Debug|ARM.ActiveCfg = Debug|ARM
		{A23CD15A-9D3A-4FF6-95BD-EB0A2DDFC68E}.Debug|ARM.Build.0 = Debug|ARM
		{A23CD15A-9D3A-4FF6-95BD-EB0A2DDFC68E}.Debug|x64.ActiveCfg = Debug|x64
		{A23CD15A-9D3A-4FF6-95BD-EB0A2DDFC68E}.Debug|x64.Build.0 = Debug|x64
		{A23CD15A-9D3A-4FF6-95BD-EB0A2DDFC68E}.Debug|x86.ActiveCfg = Debug|x86
		{A23CD15A-9D3A-4FF6-95BD-EB0A2DDFC68E}.Debug|x86.Build.0 = Debug|x86
		{A23CD15A-9D3A-4FF6-95BD-EB0A2DDFC68E}.DebugNoStore|Any CPU.ActiveCfg = DebugNoStore|Any CPU
		{A23CD15A-9D3A-4FF6-95BD-EB0A2DDFC68E}.DebugNoStore|Any CPU.Build.0 = DebugNoStore|Any CPU
		{A23CD15A-9D3A-4FF6-95BD-EB0A2DDFC68E}.DebugNoStore|ARM.ActiveCfg = DebugNoStore|ARM
		{A23CD15A-9D3A-4FF6-95BD-EB0A2DDFC68E}.DebugNoStore|ARM.Build.0 = DebugNoStore|ARM
		{A23CD15A-9D3A-4FF6-95BD-EB0A2DDFC68E}.DebugNoStore|x64.ActiveCfg = DebugNoStore|x64
		{A23CD15A-9D3A-4FF6-95BD-EB0A2DDFC68E}.DebugNoStore|x64.Build.0 = DebugNoStore|x64
		{A23CD15A-9D3A-4FF6-95BD-EB0A2DDFC68E}.DebugNoStore|x86.ActiveCfg = DebugNoStore|x86
		{A23CD15A-9D3A-4FF6-95BD-EB0A2DDFC68E}.DebugNoStore|x86.Build.0 = DebugNoStore|x86
		{A23CD15A-9D3A-4FF6-95BD-EB0A2DDFC68E}.Release|Any CPU.ActiveCfg = Release|Any CPU
		{A23CD15A-9D3A-4FF6-95BD-EB0A2DDFC68E}.Release|Any CPU.Build.0 = Release|Any CPU
		{A23CD15A-9D3A-4FF6-95BD-EB0A2DDFC68E}.Release|ARM.ActiveCfg = Release|ARM
		{A23CD15A-9D3A-4FF6-95BD-EB0A2DDFC68E}.Release|ARM.Build.0 = Release|ARM
		{A23CD15A-9D3A-4FF6-95BD-EB0A2DDFC68E}.Release|x64.ActiveCfg = Release|x64
		{A23CD15A-9D3A-4FF6-95BD-EB0A2DDFC68E}.Release|x64.Build.0 = Release|x64
		{A23CD15A-9D3A-4FF6-95BD-EB0A2DDFC68E}.Release|x86.ActiveCfg = Release|x86
		{A23CD15A-9D3A-4FF6-95BD-EB0A2DDFC68E}.Release|x86.Build.0 = Release|x86
		{A23CD15A-9D3A-4FF6-95BD-EB0A2DDFC68E}.ReleaseNoStore|Any CPU.ActiveCfg = ReleaseNoStore|Any CPU
		{A23CD15A-9D3A-4FF6-95BD-EB0A2DDFC68E}.ReleaseNoStore|Any CPU.Build.0 = ReleaseNoStore|Any CPU
		{A23CD15A-9D3A-4FF6-95BD-EB0A2DDFC68E}.ReleaseNoStore|ARM.ActiveCfg = ReleaseNoStore|ARM
		{A23CD15A-9D3A-4FF6-95BD-EB0A2DDFC68E}.ReleaseNoStore|ARM.Build.0 = ReleaseNoStore|ARM
		{A23CD15A-9D3A-4FF6-95BD-EB0A2DDFC68E}.ReleaseNoStore|x64.ActiveCfg = ReleaseNoStore|x64
		{A23CD15A-9D3A-4FF6-95BD-EB0A2DDFC68E}.ReleaseNoStore|x64.Build.0 = ReleaseNoStore|x64
		{A23CD15A-9D3A-4FF6-95BD-EB0A2DDFC68E}.ReleaseNoStore|x86.ActiveCfg = ReleaseNoStore|x86
		{A23CD15A-9D3A-4FF6-95BD-EB0A2DDFC68E}.ReleaseNoStore|x86.Build.0 = ReleaseNoStore|x86
		{FCCFA2FC-F84A-47EA-B42A-8D90D5545551}.Debug|Any CPU.ActiveCfg = Debug|Any CPU
		{FCCFA2FC-F84A-47EA-B42A-8D90D5545551}.Debug|Any CPU.Build.0 = Debug|Any CPU
		{FCCFA2FC-F84A-47EA-B42A-8D90D5545551}.Debug|ARM.ActiveCfg = Debug|ARM
		{FCCFA2FC-F84A-47EA-B42A-8D90D5545551}.Debug|ARM.Build.0 = Debug|ARM
		{FCCFA2FC-F84A-47EA-B42A-8D90D5545551}.Debug|x64.ActiveCfg = Debug|x64
		{FCCFA2FC-F84A-47EA-B42A-8D90D5545551}.Debug|x64.Build.0 = Debug|x64
		{FCCFA2FC-F84A-47EA-B42A-8D90D5545551}.Debug|x86.ActiveCfg = Debug|x86
		{FCCFA2FC-F84A-47EA-B42A-8D90D5545551}.Debug|x86.Build.0 = Debug|x86
		{FCCFA2FC-F84A-47EA-B42A-8D90D5545551}.DebugNoStore|Any CPU.ActiveCfg = DebugNoStore|Any CPU
		{FCCFA2FC-F84A-47EA-B42A-8D90D5545551}.DebugNoStore|Any CPU.Build.0 = DebugNoStore|Any CPU
		{FCCFA2FC-F84A-47EA-B42A-8D90D5545551}.DebugNoStore|ARM.ActiveCfg = DebugNoStore|ARM
		{FCCFA2FC-F84A-47EA-B42A-8D90D5545551}.DebugNoStore|ARM.Build.0 = DebugNoStore|ARM
		{FCCFA2FC-F84A-47EA-B42A-8D90D5545551}.DebugNoStore|x64.ActiveCfg = DebugNoStore|x64
		{FCCFA2FC-F84A-47EA-B42A-8D90D5545551}.DebugNoStore|x64.Build.0 = DebugNoStore|x64
		{FCCFA2FC-F84A-47EA-B42A-8D90D5545551}.DebugNoStore|x86.ActiveCfg = DebugNoStore|x86
		{FCCFA2FC-F84A-47EA-B42A-8D90D5545551}.DebugNoStore|x86.Build.0 = DebugNoStore|x86
		{FCCFA2FC-F84A-47EA-B42A-8D90D5545551}.Release|Any CPU.ActiveCfg = Release|Any CPU
		{FCCFA2FC-F84A-47EA-B42A-8D90D5545551}.Release|Any CPU.Build.0 = Release|Any CPU
		{FCCFA2FC-F84A-47EA-B42A-8D90D5545551}.Release|ARM.ActiveCfg = Release|ARM
		{FCCFA2FC-F84A-47EA-B42A-8D90D5545551}.Release|ARM.Build.0 = Release|ARM
		{FCCFA2FC-F84A-47EA-B42A-8D90D5545551}.Release|x64.ActiveCfg = Release|x64
		{FCCFA2FC-F84A-47EA-B42A-8D90D5545551}.Release|x64.Build.0 = Release|x64
		{FCCFA2FC-F84A-47EA-B42A-8D90D5545551}.Release|x86.ActiveCfg = Release|x86
		{FCCFA2FC-F84A-47EA-B42A-8D90D5545551}.Release|x86.Build.0 = Release|x86
		{FCCFA2FC-F84A-47EA-B42A-8D90D5545551}.ReleaseNoStore|Any CPU.ActiveCfg = ReleaseNoStore|Any CPU
		{FCCFA2FC-F84A-47EA-B42A-8D90D5545551}.ReleaseNoStore|Any CPU.Build.0 = ReleaseNoStore|Any CPU
		{FCCFA2FC-F84A-47EA-B42A-8D90D5545551}.ReleaseNoStore|ARM.ActiveCfg = ReleaseNoStore|ARM
		{FCCFA2FC-F84A-47EA-B42A-8D90D5545551}.ReleaseNoStore|ARM.Build.0 = ReleaseNoStore|ARM
		{FCCFA2FC-F84A-47EA-B42A-8D90D5545551}.ReleaseNoStore|x64.ActiveCfg = ReleaseNoStore|x64
		{FCCFA2FC-F84A-47EA-B42A-8D90D5545551}.ReleaseNoStore|x64.Build.0 = ReleaseNoStore|x64
		{FCCFA2FC-F84A-47EA-B42A-8D90D5545551}.ReleaseNoStore|x86.ActiveCfg = ReleaseNoStore|x86
		{FCCFA2FC-F84A-47EA-B42A-8D90D5545551}.ReleaseNoStore|x86.Build.0 = ReleaseNoStore|x86
		{CF4B0119-9515-4295-B2C9-C571BC91365E}.Debug|Any CPU.ActiveCfg = Debug|x86
		{CF4B0119-9515-4295-B2C9-C571BC91365E}.Debug|ARM.ActiveCfg = Debug|ARM
		{CF4B0119-9515-4295-B2C9-C571BC91365E}.Debug|ARM.Build.0 = Debug|ARM
		{CF4B0119-9515-4295-B2C9-C571BC91365E}.Debug|x64.ActiveCfg = Debug|x64
		{CF4B0119-9515-4295-B2C9-C571BC91365E}.Debug|x64.Build.0 = Debug|x64
		{CF4B0119-9515-4295-B2C9-C571BC91365E}.Debug|x86.ActiveCfg = Debug|x86
		{CF4B0119-9515-4295-B2C9-C571BC91365E}.Debug|x86.Build.0 = Debug|x86
		{CF4B0119-9515-4295-B2C9-C571BC91365E}.DebugNoStore|Any CPU.ActiveCfg = Release|x64
		{CF4B0119-9515-4295-B2C9-C571BC91365E}.DebugNoStore|ARM.ActiveCfg = Debug|ARM
		{CF4B0119-9515-4295-B2C9-C571BC91365E}.DebugNoStore|ARM.Build.0 = Debug|ARM
		{CF4B0119-9515-4295-B2C9-C571BC91365E}.DebugNoStore|x64.ActiveCfg = Debug|x64
		{CF4B0119-9515-4295-B2C9-C571BC91365E}.DebugNoStore|x64.Build.0 = Debug|x64
		{CF4B0119-9515-4295-B2C9-C571BC91365E}.DebugNoStore|x86.ActiveCfg = Debug|x86
		{CF4B0119-9515-4295-B2C9-C571BC91365E}.DebugNoStore|x86.Build.0 = Debug|x86
		{CF4B0119-9515-4295-B2C9-C571BC91365E}.Release|Any CPU.ActiveCfg = Release|x86
		{CF4B0119-9515-4295-B2C9-C571BC91365E}.Release|ARM.ActiveCfg = Release|ARM
		{CF4B0119-9515-4295-B2C9-C571BC91365E}.Release|x64.ActiveCfg = Release|x64
		{CF4B0119-9515-4295-B2C9-C571BC91365E}.Release|x86.ActiveCfg = Release|x86
		{CF4B0119-9515-4295-B2C9-C571BC91365E}.ReleaseNoStore|Any CPU.ActiveCfg = Release|x64
		{CF4B0119-9515-4295-B2C9-C571BC91365E}.ReleaseNoStore|ARM.ActiveCfg = Release|ARM
		{CF4B0119-9515-4295-B2C9-C571BC91365E}.ReleaseNoStore|x64.ActiveCfg = Release|x64
		{CF4B0119-9515-4295-B2C9-C571BC91365E}.ReleaseNoStore|x86.ActiveCfg = Release|x86
	EndGlobalSection
	GlobalSection(SolutionProperties) = preSolution
		HideSolutionNode = FALSE
	EndGlobalSection
EndGlobal
